
Microsoft Visual Studio Solution File, Format Version 12.00
# Visual Studio Version 17
VisualStudioVersion = 17.8.34525.116
MinimumVisualStudioVersion = 10.0.40219.1
Project("{FAE04EC0-301F-11D3-BF4B-00C04F79EFBC}") = "OlimpijskeIgre1", "OlimpijskeIgre\OlimpijskeIgre1.csproj", "{671B08AF-5F1F-4035-94AE-D267E2FC6EA5}"
EndProject
Global
	GlobalSection(SolutionConfigurationPlatforms) = preSolution
		Debug|Any CPU = Debug|Any CPU
		Release|Any CPU = Release|Any CPU
	EndGlobalSection
	GlobalSection(ProjectConfigurationPlatforms) = postSolution
		{671B08AF-5F1F-4035-94AE-D267E2FC6EA5}.Debug|Any CPU.ActiveCfg = Debug|Any CPU
		{671B08AF-5F1F-4035-94AE-D267E2FC6EA5}.Debug|Any CPU.Build.0 = Debug|Any CPU
		{671B08AF-5F1F-4035-94AE-D267E2FC6EA5}.Release|Any CPU.ActiveCfg = Release|Any CPU
		{671B08AF-5F1F-4035-94AE-D267E2FC6EA5}.Release|Any CPU.Build.0 = Release|Any CPU
	EndGlobalSection
	GlobalSection(SolutionProperties) = preSolution
		HideSolutionNode = FALSE
	EndGlobalSection
	GlobalSection(ExtensibilityGlobals) = postSolution
		SolutionGuid = {8D0C5CAC-BB3F-4512-B0D7-B250143B0F14}
	EndGlobalSection
EndGlobal
